// !$*UTF8*$!
{
	archiveVersion = 1;
	classes = {
	};
	objectVersion = 56;
	objects = {

/* Begin PBXBuildFile section */
		9C16BC032C28AB3F005F62F3 /* TimeframePickerView.swift in Sources */ = {isa = PBXBuildFile; fileRef = 9C16BC022C28AB3F005F62F3 /* TimeframePickerView.swift */; };
		9C16BC052C28CF1C005F62F3 /* PerformanceChartView.swift in Sources */ = {isa = PBXBuildFile; fileRef = 9C16BC042C28CF1C005F62F3 /* PerformanceChartView.swift */; };
		9C3622E62C2881490015225E /* WalletView.swift in Sources */ = {isa = PBXBuildFile; fileRef = 9C3622E52C2881490015225E /* WalletView.swift */; };
		9C8A26842C2508F200A81DF0 /* TopBarView.swift in Sources */ = {isa = PBXBuildFile; fileRef = 9C8A26832C2508F200A81DF0 /* TopBarView.swift */; };
		9CA858352C26075200C54E05 /* FlowersView.swift in Sources */ = {isa = PBXBuildFile; fileRef = 9CA858342C26075200C54E05 /* FlowersView.swift */; };
		9CF1F3242C29EAD500AC6D10 /* web3swift in Frameworks */ = {isa = PBXBuildFile; productRef = 9CF1F3232C29EAD500AC6D10 /* web3swift */; };
		9CF1F3272C29F02200AC6D10 /* WalletManager.swift in Sources */ = {isa = PBXBuildFile; fileRef = 9CF1F3262C29F02200AC6D10 /* WalletManager.swift */; };
		9CF1F3292C29F02900AC6D10 /* NetworkManager.swift in Sources */ = {isa = PBXBuildFile; fileRef = 9CF1F3282C29F02900AC6D10 /* NetworkManager.swift */; };
		9CF1F32C2C29F0A300AC6D10 /* KeychainHelper.swift in Sources */ = {isa = PBXBuildFile; fileRef = 9CF1F32B2C29F0A300AC6D10 /* KeychainHelper.swift */; };
		9CF1F32E2C29F33400AC6D10 /* ConfigurationManager.swift in Sources */ = {isa = PBXBuildFile; fileRef = 9CF1F32D2C29F33400AC6D10 /* ConfigurationManager.swift */; };
		9CF1F3302C29FB3500AC6D10 /* AddressHelper.swift in Sources */ = {isa = PBXBuildFile; fileRef = 9CF1F32F2C29FB3500AC6D10 /* AddressHelper.swift */; };
		9CF1F3322C2B5B8600AC6D10 /* FormatHelper.swift in Sources */ = {isa = PBXBuildFile; fileRef = 9CF1F3312C2B5B8600AC6D10 /* FormatHelper.swift */; };
		9CFFE9CF2C230C8500D42950 /* Models.swift in Sources */ = {isa = PBXBuildFile; fileRef = 9CFFE9BD2C230C8500D42950 /* Models.swift */; };
		9CFFE9D02C230C8500D42950 /* Preview Assets.xcassets in Resources */ = {isa = PBXBuildFile; fileRef = 9CFFE9BF2C230C8500D42950 /* Preview Assets.xcassets */; };
		9CFFE9D12C230C8500D42950 /* Colors.swift in Sources */ = {isa = PBXBuildFile; fileRef = 9CFFE9C12C230C8500D42950 /* Colors.swift */; };
		9CFFE9D22C230C8500D42950 /* Fonts.swift in Sources */ = {isa = PBXBuildFile; fileRef = 9CFFE9C22C230C8500D42950 /* Fonts.swift */; };
		9CFFE9D52C230C8500D42950 /* HomeView.swift in Sources */ = {isa = PBXBuildFile; fileRef = 9CFFE9C62C230C8500D42950 /* HomeView.swift */; };
		9CFFE9D62C230C8500D42950 /* FlowerDetailView.swift in Sources */ = {isa = PBXBuildFile; fileRef = 9CFFE9C72C230C8500D42950 /* FlowerDetailView.swift */; };
		9CFFE9D72C230C8500D42950 /* FlowerCellView.swift in Sources */ = {isa = PBXBuildFile; fileRef = 9CFFE9C82C230C8500D42950 /* FlowerCellView.swift */; };
		9CFFE9D82C230C8500D42950 /* WelcomeView.swift in Sources */ = {isa = PBXBuildFile; fileRef = 9CFFE9C92C230C8500D42950 /* WelcomeView.swift */; };
		9CFFE9D92C230C8500D42950 /* HiveView.swift in Sources */ = {isa = PBXBuildFile; fileRef = 9CFFE9CA2C230C8500D42950 /* HiveView.swift */; };
		9CFFE9DA2C230C8500D42950 /* Assets.xcassets in Resources */ = {isa = PBXBuildFile; fileRef = 9CFFE9CC2C230C8500D42950 /* Assets.xcassets */; };
		9CFFE9DB2C230C8500D42950 /* HoneycombApp.swift in Sources */ = {isa = PBXBuildFile; fileRef = 9CFFE9CD2C230C8500D42950 /* HoneycombApp.swift */; };
/* End PBXBuildFile section */

/* Begin PBXFileReference section */
		9C16BC022C28AB3F005F62F3 /* TimeframePickerView.swift */ = {isa = PBXFileReference; lastKnownFileType = sourcecode.swift; path = TimeframePickerView.swift; sourceTree = "<group>"; };
		9C16BC042C28CF1C005F62F3 /* PerformanceChartView.swift */ = {isa = PBXFileReference; lastKnownFileType = sourcecode.swift; path = PerformanceChartView.swift; sourceTree = "<group>"; };
		9C3622E52C2881490015225E /* WalletView.swift */ = {isa = PBXFileReference; fileEncoding = 4; lastKnownFileType = sourcecode.swift; path = WalletView.swift; sourceTree = "<group>"; };
		9C8A26832C2508F200A81DF0 /* TopBarView.swift */ = {isa = PBXFileReference; lastKnownFileType = sourcecode.swift; path = TopBarView.swift; sourceTree = "<group>"; };
		9CA858342C26075200C54E05 /* FlowersView.swift */ = {isa = PBXFileReference; lastKnownFileType = sourcecode.swift; path = FlowersView.swift; sourceTree = "<group>"; };
		9CF1F3262C29F02200AC6D10 /* WalletManager.swift */ = {isa = PBXFileReference; lastKnownFileType = sourcecode.swift; path = WalletManager.swift; sourceTree = "<group>"; };
		9CF1F3282C29F02900AC6D10 /* NetworkManager.swift */ = {isa = PBXFileReference; lastKnownFileType = sourcecode.swift; path = NetworkManager.swift; sourceTree = "<group>"; };
		9CF1F32B2C29F0A300AC6D10 /* KeychainHelper.swift */ = {isa = PBXFileReference; lastKnownFileType = sourcecode.swift; path = KeychainHelper.swift; sourceTree = "<group>"; };
		9CF1F32D2C29F33400AC6D10 /* ConfigurationManager.swift */ = {isa = PBXFileReference; lastKnownFileType = sourcecode.swift; path = ConfigurationManager.swift; sourceTree = "<group>"; };
		9CF1F32F2C29FB3500AC6D10 /* AddressHelper.swift */ = {isa = PBXFileReference; lastKnownFileType = sourcecode.swift; path = AddressHelper.swift; sourceTree = "<group>"; };
		9CF1F3312C2B5B8600AC6D10 /* FormatHelper.swift */ = {isa = PBXFileReference; lastKnownFileType = sourcecode.swift; path = FormatHelper.swift; sourceTree = "<group>"; };
		9CF6228A2C22074700DE50F6 /* Honeycomb.app */ = {isa = PBXFileReference; explicitFileType = wrapper.application; includeInIndex = 0; path = Honeycomb.app; sourceTree = BUILT_PRODUCTS_DIR; };
		9CFFE9BD2C230C8500D42950 /* Models.swift */ = {isa = PBXFileReference; fileEncoding = 4; lastKnownFileType = sourcecode.swift; path = Models.swift; sourceTree = "<group>"; };
		9CFFE9BF2C230C8500D42950 /* Preview Assets.xcassets */ = {isa = PBXFileReference; lastKnownFileType = folder.assetcatalog; path = "Preview Assets.xcassets"; sourceTree = "<group>"; };
		9CFFE9C12C230C8500D42950 /* Colors.swift */ = {isa = PBXFileReference; fileEncoding = 4; lastKnownFileType = sourcecode.swift; path = Colors.swift; sourceTree = "<group>"; };
		9CFFE9C22C230C8500D42950 /* Fonts.swift */ = {isa = PBXFileReference; fileEncoding = 4; lastKnownFileType = sourcecode.swift; path = Fonts.swift; sourceTree = "<group>"; };
		9CFFE9C62C230C8500D42950 /* HomeView.swift */ = {isa = PBXFileReference; fileEncoding = 4; lastKnownFileType = sourcecode.swift; path = HomeView.swift; sourceTree = "<group>"; };
		9CFFE9C72C230C8500D42950 /* FlowerDetailView.swift */ = {isa = PBXFileReference; fileEncoding = 4; lastKnownFileType = sourcecode.swift; path = FlowerDetailView.swift; sourceTree = "<group>"; };
		9CFFE9C82C230C8500D42950 /* FlowerCellView.swift */ = {isa = PBXFileReference; fileEncoding = 4; lastKnownFileType = sourcecode.swift; path = FlowerCellView.swift; sourceTree = "<group>"; };
		9CFFE9C92C230C8500D42950 /* WelcomeView.swift */ = {isa = PBXFileReference; fileEncoding = 4; lastKnownFileType = sourcecode.swift; path = WelcomeView.swift; sourceTree = "<group>"; };
		9CFFE9CA2C230C8500D42950 /* HiveView.swift */ = {isa = PBXFileReference; fileEncoding = 4; lastKnownFileType = sourcecode.swift; path = HiveView.swift; sourceTree = "<group>"; };
		9CFFE9CC2C230C8500D42950 /* Assets.xcassets */ = {isa = PBXFileReference; lastKnownFileType = folder.assetcatalog; path = Assets.xcassets; sourceTree = "<group>"; };
		9CFFE9CD2C230C8500D42950 /* HoneycombApp.swift */ = {isa = PBXFileReference; fileEncoding = 4; lastKnownFileType = sourcecode.swift; path = HoneycombApp.swift; sourceTree = "<group>"; };
/* End PBXFileReference section */

/* Begin PBXFrameworksBuildPhase section */
		9CF622872C22074700DE50F6 /* Frameworks */ = {
			isa = PBXFrameworksBuildPhase;
			buildActionMask = 2147483647;
			files = (
				9CF1F3242C29EAD500AC6D10 /* web3swift in Frameworks */,
			);
			runOnlyForDeploymentPostprocessing = 0;
		};
/* End PBXFrameworksBuildPhase section */

/* Begin PBXGroup section */
		9CF1F3252C29F00B00AC6D10 /* Managers */ = {
			isa = PBXGroup;
			children = (
				9CF1F32D2C29F33400AC6D10 /* ConfigurationManager.swift */,
				9CF1F3282C29F02900AC6D10 /* NetworkManager.swift */,
				9CF1F3262C29F02200AC6D10 /* WalletManager.swift */,
			);
			path = Managers;
			sourceTree = "<group>";
		};
		9CF1F32A2C29F09600AC6D10 /* Helpers */ = {
			isa = PBXGroup;
			children = (
				9CF1F32F2C29FB3500AC6D10 /* AddressHelper.swift */,
				9CF1F3312C2B5B8600AC6D10 /* FormatHelper.swift */,
				9CF1F32B2C29F0A300AC6D10 /* KeychainHelper.swift */,
			);
			path = Helpers;
			sourceTree = "<group>";
		};
		9CF622812C22074700DE50F6 = {
			isa = PBXGroup;
			children = (
				9CFFE9CE2C230C8500D42950 /* Honeycomb */,
				9CF6228B2C22074700DE50F6 /* Products */,
			);
			sourceTree = "<group>";
		};
		9CF6228B2C22074700DE50F6 /* Products */ = {
			isa = PBXGroup;
			children = (
				9CF6228A2C22074700DE50F6 /* Honeycomb.app */,
			);
			name = Products;
			sourceTree = "<group>";
		};
		9CFFE9BE2C230C8500D42950 /* Data */ = {
			isa = PBXGroup;
			children = (
				9CFFE9BD2C230C8500D42950 /* Models.swift */,
			);
			path = Data;
			sourceTree = "<group>";
		};
		9CFFE9C02C230C8500D42950 /* Preview Content */ = {
			isa = PBXGroup;
			children = (
				9CFFE9BF2C230C8500D42950 /* Preview Assets.xcassets */,
			);
			path = "Preview Content";
			sourceTree = "<group>";
		};
		9CFFE9C32C230C8500D42950 /* Styles */ = {
			isa = PBXGroup;
			children = (
				9CFFE9C12C230C8500D42950 /* Colors.swift */,
				9CFFE9C22C230C8500D42950 /* Fonts.swift */,
			);
			path = Styles;
			sourceTree = "<group>";
		};
		9CFFE9CB2C230C8500D42950 /* Views */ = {
			isa = PBXGroup;
			children = (
				9CFFE9C82C230C8500D42950 /* FlowerCellView.swift */,
				9CFFE9C72C230C8500D42950 /* FlowerDetailView.swift */,
				9CA858342C26075200C54E05 /* FlowersView.swift */,
				9CFFE9CA2C230C8500D42950 /* HiveView.swift */,
				9CFFE9C62C230C8500D42950 /* HomeView.swift */,
				9C16BC042C28CF1C005F62F3 /* PerformanceChartView.swift */,
				9C16BC022C28AB3F005F62F3 /* TimeframePickerView.swift */,
				9C8A26832C2508F200A81DF0 /* TopBarView.swift */,
				9C3622E52C2881490015225E /* WalletView.swift */,
				9CFFE9C92C230C8500D42950 /* WelcomeView.swift */,
			);
			path = Views;
			sourceTree = "<group>";
		};
		9CFFE9CE2C230C8500D42950 /* Honeycomb */ = {
			isa = PBXGroup;
			children = (
				9CFFE9CC2C230C8500D42950 /* Assets.xcassets */,
				9CFFE9CD2C230C8500D42950 /* HoneycombApp.swift */,
				9CFFE9BE2C230C8500D42950 /* Data */,
				9CF1F32A2C29F09600AC6D10 /* Helpers */,
				9CF1F3252C29F00B00AC6D10 /* Managers */,
				9CFFE9C02C230C8500D42950 /* Preview Content */,
				9CFFE9C32C230C8500D42950 /* Styles */,
				9CFFE9CB2C230C8500D42950 /* Views */,
			);
			path = Honeycomb;
			sourceTree = "<group>";
		};
/* End PBXGroup section */

/* Begin PBXNativeTarget section */
		9CF622892C22074700DE50F6 /* Honeycomb */ = {
			isa = PBXNativeTarget;
			buildConfigurationList = 9CF622982C22074800DE50F6 /* Build configuration list for PBXNativeTarget "Honeycomb" */;
			buildPhases = (
				9CF622862C22074700DE50F6 /* Sources */,
				9CF622872C22074700DE50F6 /* Frameworks */,
				9CF622882C22074700DE50F6 /* Resources */,
			);
			buildRules = (
			);
			dependencies = (
			);
			name = Honeycomb;
			packageProductDependencies = (
				9CF1F3232C29EAD500AC6D10 /* web3swift */,
			);
			productName = HoneyFarm;
			productReference = 9CF6228A2C22074700DE50F6 /* Honeycomb.app */;
			productType = "com.apple.product-type.application";
		};
/* End PBXNativeTarget section */

/* Begin PBXProject section */
		9CF622822C22074700DE50F6 /* Project object */ = {
			isa = PBXProject;
			attributes = {
				BuildIndependentTargetsInParallel = 1;
				LastSwiftUpdateCheck = 1540;
				LastUpgradeCheck = 1540;
				TargetAttributes = {
					9CF622892C22074700DE50F6 = {
						CreatedOnToolsVersion = 15.4;
					};
				};
			};
			buildConfigurationList = 9CF622852C22074700DE50F6 /* Build configuration list for PBXProject "Honeycomb" */;
			compatibilityVersion = "Xcode 14.0";
			developmentRegion = en;
			hasScannedForEncodings = 0;
			knownRegions = (
				en,
				Base,
			);
			mainGroup = 9CF622812C22074700DE50F6;
			packageReferences = (
				9CF1F3222C29EAD500AC6D10 /* XCRemoteSwiftPackageReference "web3swift" */,
			);
			productRefGroup = 9CF6228B2C22074700DE50F6 /* Products */;
			projectDirPath = "";
			projectRoot = "";
			targets = (
				9CF622892C22074700DE50F6 /* Honeycomb */,
			);
		};
/* End PBXProject section */

/* Begin PBXResourcesBuildPhase section */
		9CF622882C22074700DE50F6 /* Resources */ = {
			isa = PBXResourcesBuildPhase;
			buildActionMask = 2147483647;
			files = (
				9CFFE9D02C230C8500D42950 /* Preview Assets.xcassets in Resources */,
				9CFFE9DA2C230C8500D42950 /* Assets.xcassets in Resources */,
			);
			runOnlyForDeploymentPostprocessing = 0;
		};
/* End PBXResourcesBuildPhase section */

/* Begin PBXSourcesBuildPhase section */
		9CF622862C22074700DE50F6 /* Sources */ = {
			isa = PBXSourcesBuildPhase;
			buildActionMask = 2147483647;
			files = (
				9CF1F3292C29F02900AC6D10 /* NetworkManager.swift in Sources */,
				9C16BC052C28CF1C005F62F3 /* PerformanceChartView.swift in Sources */,
				9CF1F32E2C29F33400AC6D10 /* ConfigurationManager.swift in Sources */,
				9CFFE9D22C230C8500D42950 /* Fonts.swift in Sources */,
				9C16BC032C28AB3F005F62F3 /* TimeframePickerView.swift in Sources */,
				9CF1F3272C29F02200AC6D10 /* WalletManager.swift in Sources */,
				9CF1F3322C2B5B8600AC6D10 /* FormatHelper.swift in Sources */,
				9CF1F3302C29FB3500AC6D10 /* AddressHelper.swift in Sources */,
				9CFFE9D52C230C8500D42950 /* HomeView.swift in Sources */,
				9CFFE9CF2C230C8500D42950 /* Models.swift in Sources */,
				9CFFE9D62C230C8500D42950 /* FlowerDetailView.swift in Sources */,
				9CFFE9D12C230C8500D42950 /* Colors.swift in Sources */,
				9CFFE9DB2C230C8500D42950 /* HoneycombApp.swift in Sources */,
				9CFFE9D92C230C8500D42950 /* HiveView.swift in Sources */,
				9C8A26842C2508F200A81DF0 /* TopBarView.swift in Sources */,
				9CFFE9D82C230C8500D42950 /* WelcomeView.swift in Sources */,
				9CA858352C26075200C54E05 /* FlowersView.swift in Sources */,
				9CFFE9D72C230C8500D42950 /* FlowerCellView.swift in Sources */,
				9C3622E62C2881490015225E /* WalletView.swift in Sources */,
				9CF1F32C2C29F0A300AC6D10 /* KeychainHelper.swift in Sources */,
			);
			runOnlyForDeploymentPostprocessing = 0;
		};
/* End PBXSourcesBuildPhase section */

/* Begin XCBuildConfiguration section */
		9CF622962C22074800DE50F6 /* Debug */ = {
			isa = XCBuildConfiguration;
			buildSettings = {
				ALWAYS_SEARCH_USER_PATHS = NO;
				ASSETCATALOG_COMPILER_GENERATE_SWIFT_ASSET_SYMBOL_EXTENSIONS = YES;
				CLANG_ANALYZER_NONNULL = YES;
				CLANG_ANALYZER_NUMBER_OBJECT_CONVERSION = YES_AGGRESSIVE;
				CLANG_CXX_LANGUAGE_STANDARD = "gnu++20";
				CLANG_ENABLE_MODULES = YES;
				CLANG_ENABLE_OBJC_ARC = YES;
				CLANG_ENABLE_OBJC_WEAK = YES;
				CLANG_WARN_BLOCK_CAPTURE_AUTORELEASING = YES;
				CLANG_WARN_BOOL_CONVERSION = YES;
				CLANG_WARN_COMMA = YES;
				CLANG_WARN_CONSTANT_CONVERSION = YES;
				CLANG_WARN_DEPRECATED_OBJC_IMPLEMENTATIONS = YES;
				CLANG_WARN_DIRECT_OBJC_ISA_USAGE = YES_ERROR;
				CLANG_WARN_DOCUMENTATION_COMMENTS = YES;
				CLANG_WARN_EMPTY_BODY = YES;
				CLANG_WARN_ENUM_CONVERSION = YES;
				CLANG_WARN_INFINITE_RECURSION = YES;
				CLANG_WARN_INT_CONVERSION = YES;
				CLANG_WARN_NON_LITERAL_NULL_CONVERSION = YES;
				CLANG_WARN_OBJC_IMPLICIT_RETAIN_SELF = YES;
				CLANG_WARN_OBJC_LITERAL_CONVERSION = YES;
				CLANG_WARN_OBJC_ROOT_CLASS = YES_ERROR;
				CLANG_WARN_QUOTED_INCLUDE_IN_FRAMEWORK_HEADER = YES;
				CLANG_WARN_RANGE_LOOP_ANALYSIS = YES;
				CLANG_WARN_STRICT_PROTOTYPES = YES;
				CLANG_WARN_SUSPICIOUS_MOVE = YES;
				CLANG_WARN_UNGUARDED_AVAILABILITY = YES_AGGRESSIVE;
				CLANG_WARN_UNREACHABLE_CODE = YES;
				CLANG_WARN__DUPLICATE_METHOD_MATCH = YES;
				COPY_PHASE_STRIP = NO;
				DEBUG_INFORMATION_FORMAT = dwarf;
				ENABLE_STRICT_OBJC_MSGSEND = YES;
				ENABLE_TESTABILITY = YES;
				ENABLE_USER_SCRIPT_SANDBOXING = YES;
				GCC_C_LANGUAGE_STANDARD = gnu17;
				GCC_DYNAMIC_NO_PIC = NO;
				GCC_NO_COMMON_BLOCKS = YES;
				GCC_OPTIMIZATION_LEVEL = 0;
				GCC_PREPROCESSOR_DEFINITIONS = (
					"DEBUG=1",
					"$(inherited)",
				);
				GCC_WARN_64_TO_32_BIT_CONVERSION = YES;
				GCC_WARN_ABOUT_RETURN_TYPE = YES_ERROR;
				GCC_WARN_UNDECLARED_SELECTOR = YES;
				GCC_WARN_UNINITIALIZED_AUTOS = YES_AGGRESSIVE;
				GCC_WARN_UNUSED_FUNCTION = YES;
				GCC_WARN_UNUSED_VARIABLE = YES;
				IPHONEOS_DEPLOYMENT_TARGET = 16.0;
				LOCALIZATION_PREFERS_STRING_CATALOGS = YES;
				MTL_ENABLE_DEBUG_INFO = INCLUDE_SOURCE;
				MTL_FAST_MATH = YES;
				ONLY_ACTIVE_ARCH = YES;
				SDKROOT = iphoneos;
				SWIFT_ACTIVE_COMPILATION_CONDITIONS = "DEBUG $(inherited)";
				SWIFT_OPTIMIZATION_LEVEL = "-Onone";
			};
			name = Debug;
		};
		9CF622972C22074800DE50F6 /* Release */ = {
			isa = XCBuildConfiguration;
			buildSettings = {
				ALWAYS_SEARCH_USER_PATHS = NO;
				ASSETCATALOG_COMPILER_GENERATE_SWIFT_ASSET_SYMBOL_EXTENSIONS = YES;
				CLANG_ANALYZER_NONNULL = YES;
				CLANG_ANALYZER_NUMBER_OBJECT_CONVERSION = YES_AGGRESSIVE;
				CLANG_CXX_LANGUAGE_STANDARD = "gnu++20";
				CLANG_ENABLE_MODULES = YES;
				CLANG_ENABLE_OBJC_ARC = YES;
				CLANG_ENABLE_OBJC_WEAK = YES;
				CLANG_WARN_BLOCK_CAPTURE_AUTORELEASING = YES;
				CLANG_WARN_BOOL_CONVERSION = YES;
				CLANG_WARN_COMMA = YES;
				CLANG_WARN_CONSTANT_CONVERSION = YES;
				CLANG_WARN_DEPRECATED_OBJC_IMPLEMENTATIONS = YES;
				CLANG_WARN_DIRECT_OBJC_ISA_USAGE = YES_ERROR;
				CLANG_WARN_DOCUMENTATION_COMMENTS = YES;
				CLANG_WARN_EMPTY_BODY = YES;
				CLANG_WARN_ENUM_CONVERSION = YES;
				CLANG_WARN_INFINITE_RECURSION = YES;
				CLANG_WARN_INT_CONVERSION = YES;
				CLANG_WARN_NON_LITERAL_NULL_CONVERSION = YES;
				CLANG_WARN_OBJC_IMPLICIT_RETAIN_SELF = YES;
				CLANG_WARN_OBJC_LITERAL_CONVERSION = YES;
				CLANG_WARN_OBJC_ROOT_CLASS = YES_ERROR;
				CLANG_WARN_QUOTED_INCLUDE_IN_FRAMEWORK_HEADER = YES;
				CLANG_WARN_RANGE_LOOP_ANALYSIS = YES;
				CLANG_WARN_STRICT_PROTOTYPES = YES;
				CLANG_WARN_SUSPICIOUS_MOVE = YES;
				CLANG_WARN_UNGUARDED_AVAILABILITY = YES_AGGRESSIVE;
				CLANG_WARN_UNREACHABLE_CODE = YES;
				CLANG_WARN__DUPLICATE_METHOD_MATCH = YES;
				COPY_PHASE_STRIP = NO;
				DEBUG_INFORMATION_FORMAT = "dwarf-with-dsym";
				ENABLE_NS_ASSERTIONS = NO;
				ENABLE_STRICT_OBJC_MSGSEND = YES;
				ENABLE_USER_SCRIPT_SANDBOXING = YES;
				GCC_C_LANGUAGE_STANDARD = gnu17;
				GCC_NO_COMMON_BLOCKS = YES;
				GCC_WARN_64_TO_32_BIT_CONVERSION = YES;
				GCC_WARN_ABOUT_RETURN_TYPE = YES_ERROR;
				GCC_WARN_UNDECLARED_SELECTOR = YES;
				GCC_WARN_UNINITIALIZED_AUTOS = YES_AGGRESSIVE;
				GCC_WARN_UNUSED_FUNCTION = YES;
				GCC_WARN_UNUSED_VARIABLE = YES;
				IPHONEOS_DEPLOYMENT_TARGET = 16.0;
				LOCALIZATION_PREFERS_STRING_CATALOGS = YES;
				MTL_ENABLE_DEBUG_INFO = NO;
				MTL_FAST_MATH = YES;
				SDKROOT = iphoneos;
				SWIFT_COMPILATION_MODE = wholemodule;
				VALIDATE_PRODUCT = YES;
			};
			name = Release;
		};
		9CF622992C22074800DE50F6 /* Debug */ = {
			isa = XCBuildConfiguration;
			buildSettings = {
				ASSETCATALOG_COMPILER_APPICON_NAME = AppIcon;
				ASSETCATALOG_COMPILER_GLOBAL_ACCENT_COLOR_NAME = AccentColor;
				CODE_SIGN_STYLE = Automatic;
				CURRENT_PROJECT_VERSION = 1;
				DEVELOPMENT_ASSET_PATHS = "\"Honeycomb/Preview Content\"";
				DEVELOPMENT_TEAM = 3GBQ2H4QX7;
				ENABLE_PREVIEWS = YES;
				GENERATE_INFOPLIST_FILE = YES;
				INFOPLIST_KEY_CFBundleDisplayName = Honeycomb;
				INFOPLIST_KEY_UIApplicationSceneManifest_Generation = YES;
				INFOPLIST_KEY_UIApplicationSupportsIndirectInputEvents = YES;
				INFOPLIST_KEY_UILaunchScreen_Generation = YES;
				INFOPLIST_KEY_UISupportedInterfaceOrientations_iPad = "UIInterfaceOrientationPortrait UIInterfaceOrientationPortraitUpsideDown UIInterfaceOrientationLandscapeLeft UIInterfaceOrientationLandscapeRight";
				INFOPLIST_KEY_UISupportedInterfaceOrientations_iPhone = "UIInterfaceOrientationPortrait UIInterfaceOrientationLandscapeLeft UIInterfaceOrientationLandscapeRight";
				IPHONEOS_DEPLOYMENT_TARGET = 16.0;
				LD_RUNPATH_SEARCH_PATHS = (
					"$(inherited)",
					"@executable_path/Frameworks",
				);
				MARKETING_VERSION = 1.0;
				PRODUCT_BUNDLE_IDENTIFIER = com.meb.Honeycomb;
				PRODUCT_NAME = "$(TARGET_NAME)";
				SWIFT_EMIT_LOC_STRINGS = YES;
				SWIFT_VERSION = 5.0;
				TARGETED_DEVICE_FAMILY = "1,2";
			};
			name = Debug;
		};
		9CF6229A2C22074800DE50F6 /* Release */ = {
			isa = XCBuildConfiguration;
			buildSettings = {
				ASSETCATALOG_COMPILER_APPICON_NAME = AppIcon;
				ASSETCATALOG_COMPILER_GLOBAL_ACCENT_COLOR_NAME = AccentColor;
				CODE_SIGN_STYLE = Automatic;
				CURRENT_PROJECT_VERSION = 1;
				DEVELOPMENT_ASSET_PATHS = "\"Honeycomb/Preview Content\"";
				DEVELOPMENT_TEAM = 3GBQ2H4QX7;
				ENABLE_PREVIEWS = YES;
				GENERATE_INFOPLIST_FILE = YES;
				INFOPLIST_KEY_CFBundleDisplayName = Honeycomb;
				INFOPLIST_KEY_UIApplicationSceneManifest_Generation = YES;
				INFOPLIST_KEY_UIApplicationSupportsIndirectInputEvents = YES;
				INFOPLIST_KEY_UILaunchScreen_Generation = YES;
				INFOPLIST_KEY_UISupportedInterfaceOrientations_iPad = "UIInterfaceOrientationPortrait UIInterfaceOrientationPortraitUpsideDown UIInterfaceOrientationLandscapeLeft UIInterfaceOrientationLandscapeRight";
				INFOPLIST_KEY_UISupportedInterfaceOrientations_iPhone = "UIInterfaceOrientationPortrait UIInterfaceOrientationLandscapeLeft UIInterfaceOrientationLandscapeRight";
				IPHONEOS_DEPLOYMENT_TARGET = 16.0;
				LD_RUNPATH_SEARCH_PATHS = (
					"$(inherited)",
					"@executable_path/Frameworks",
				);
				MARKETING_VERSION = 1.0;
				PRODUCT_BUNDLE_IDENTIFIER = com.meb.Honeycomb;
				PRODUCT_NAME = "$(TARGET_NAME)";
				SWIFT_EMIT_LOC_STRINGS = YES;
				SWIFT_VERSION = 5.0;
				TARGETED_DEVICE_FAMILY = "1,2";
			};
			name = Release;
		};
/* End XCBuildConfiguration section */

/* Begin XCConfigurationList section */
		9CF622852C22074700DE50F6 /* Build configuration list for PBXProject "Honeycomb" */ = {
			isa = XCConfigurationList;
			buildConfigurations = (
				9CF622962C22074800DE50F6 /* Debug */,
				9CF622972C22074800DE50F6 /* Release */,
			);
			defaultConfigurationIsVisible = 0;
			defaultConfigurationName = Release;
		};
		9CF622982C22074800DE50F6 /* Build configuration list for PBXNativeTarget "Honeycomb" */ = {
			isa = XCConfigurationList;
			buildConfigurations = (
				9CF622992C22074800DE50F6 /* Debug */,
				9CF6229A2C22074800DE50F6 /* Release */,
			);
			defaultConfigurationIsVisible = 0;
			defaultConfigurationName = Release;
		};
/* End XCConfigurationList section */

/* Begin XCRemoteSwiftPackageReference section */
		9CF1F3222C29EAD500AC6D10 /* XCRemoteSwiftPackageReference "web3swift" */ = {
			isa = XCRemoteSwiftPackageReference;
			repositoryURL = "https://github.com/web3swift-team/web3swift";
			requirement = {
				kind = upToNextMajorVersion;
				minimumVersion = 3.2.1;
			};
		};
/* End XCRemoteSwiftPackageReference section */

/* Begin XCSwiftPackageProductDependency section */
		9CF1F3232C29EAD500AC6D10 /* web3swift */ = {
			isa = XCSwiftPackageProductDependency;
			package = 9CF1F3222C29EAD500AC6D10 /* XCRemoteSwiftPackageReference "web3swift" */;
			productName = web3swift;
		};
/* End XCSwiftPackageProductDependency section */
	};
	rootObject = 9CF622822C22074700DE50F6 /* Project object */;
}
