// !$*UTF8*$!
{
	archiveVersion = 1;
	classes = {
	};
	objectVersion = 56;
	objects = {

/* Begin PBXBuildFile section */
		9CFFE9CF2C230C8500D42950 /* Models.swift in Sources */ = {isa = PBXBuildFile; fileRef = 9CFFE9BD2C230C8500D42950 /* Models.swift */; };
		9CFFE9D02C230C8500D42950 /* Preview Assets.xcassets in Resources */ = {isa = PBXBuildFile; fileRef = 9CFFE9BF2C230C8500D42950 /* Preview Assets.xcassets */; };
		9CFFE9D12C230C8500D42950 /* Colors.swift in Sources */ = {isa = PBXBuildFile; fileRef = 9CFFE9C12C230C8500D42950 /* Colors.swift */; };
		9CFFE9D22C230C8500D42950 /* Fonts.swift in Sources */ = {isa = PBXBuildFile; fileRef = 9CFFE9C22C230C8500D42950 /* Fonts.swift */; };
		9CFFE9D32C230C8500D42950 /* ConnectionPromptView.swift in Sources */ = {isa = PBXBuildFile; fileRef = 9CFFE9C42C230C8500D42950 /* ConnectionPromptView.swift */; };
		9CFFE9D42C230C8500D42950 /* ContentView.swift in Sources */ = {isa = PBXBuildFile; fileRef = 9CFFE9C52C230C8500D42950 /* ContentView.swift */; };
		9CFFE9D52C230C8500D42950 /* HomeView.swift in Sources */ = {isa = PBXBuildFile; fileRef = 9CFFE9C62C230C8500D42950 /* HomeView.swift */; };
		9CFFE9D62C230C8500D42950 /* VaultDetailView.swift in Sources */ = {isa = PBXBuildFile; fileRef = 9CFFE9C72C230C8500D42950 /* VaultDetailView.swift */; };
		9CFFE9D72C230C8500D42950 /* VaultItemView.swift in Sources */ = {isa = PBXBuildFile; fileRef = 9CFFE9C82C230C8500D42950 /* VaultItemView.swift */; };
		9CFFE9D82C230C8500D42950 /* WelcomeView.swift in Sources */ = {isa = PBXBuildFile; fileRef = 9CFFE9C92C230C8500D42950 /* WelcomeView.swift */; };
		9CFFE9D92C230C8500D42950 /* YieldVaultsView.swift in Sources */ = {isa = PBXBuildFile; fileRef = 9CFFE9CA2C230C8500D42950 /* YieldVaultsView.swift */; };
		9CFFE9DA2C230C8500D42950 /* Assets.xcassets in Resources */ = {isa = PBXBuildFile; fileRef = 9CFFE9CC2C230C8500D42950 /* Assets.xcassets */; };
		9CFFE9DB2C230C8500D42950 /* ApiaryApp.swift in Sources */ = {isa = PBXBuildFile; fileRef = 9CFFE9CD2C230C8500D42950 /* ApiaryApp.swift */; };
/* End PBXBuildFile section */

/* Begin PBXFileReference section */
		9CF6228A2C22074700DE50F6 /* Apiary.app */ = {isa = PBXFileReference; explicitFileType = wrapper.application; includeInIndex = 0; path = Apiary.app; sourceTree = BUILT_PRODUCTS_DIR; };
		9CFFE9BD2C230C8500D42950 /* Models.swift */ = {isa = PBXFileReference; fileEncoding = 4; lastKnownFileType = sourcecode.swift; path = Models.swift; sourceTree = "<group>"; };
		9CFFE9BF2C230C8500D42950 /* Preview Assets.xcassets */ = {isa = PBXFileReference; lastKnownFileType = folder.assetcatalog; path = "Preview Assets.xcassets"; sourceTree = "<group>"; };
		9CFFE9C12C230C8500D42950 /* Colors.swift */ = {isa = PBXFileReference; fileEncoding = 4; lastKnownFileType = sourcecode.swift; path = Colors.swift; sourceTree = "<group>"; };
		9CFFE9C22C230C8500D42950 /* Fonts.swift */ = {isa = PBXFileReference; fileEncoding = 4; lastKnownFileType = sourcecode.swift; path = Fonts.swift; sourceTree = "<group>"; };
		9CFFE9C42C230C8500D42950 /* ConnectionPromptView.swift */ = {isa = PBXFileReference; fileEncoding = 4; lastKnownFileType = sourcecode.swift; path = ConnectionPromptView.swift; sourceTree = "<group>"; };
		9CFFE9C52C230C8500D42950 /* ContentView.swift */ = {isa = PBXFileReference; fileEncoding = 4; lastKnownFileType = sourcecode.swift; path = ContentView.swift; sourceTree = "<group>"; };
		9CFFE9C62C230C8500D42950 /* HomeView.swift */ = {isa = PBXFileReference; fileEncoding = 4; lastKnownFileType = sourcecode.swift; path = HomeView.swift; sourceTree = "<group>"; };
		9CFFE9C72C230C8500D42950 /* VaultDetailView.swift */ = {isa = PBXFileReference; fileEncoding = 4; lastKnownFileType = sourcecode.swift; path = VaultDetailView.swift; sourceTree = "<group>"; };
		9CFFE9C82C230C8500D42950 /* VaultItemView.swift */ = {isa = PBXFileReference; fileEncoding = 4; lastKnownFileType = sourcecode.swift; path = VaultItemView.swift; sourceTree = "<group>"; };
		9CFFE9C92C230C8500D42950 /* WelcomeView.swift */ = {isa = PBXFileReference; fileEncoding = 4; lastKnownFileType = sourcecode.swift; path = WelcomeView.swift; sourceTree = "<group>"; };
		9CFFE9CA2C230C8500D42950 /* YieldVaultsView.swift */ = {isa = PBXFileReference; fileEncoding = 4; lastKnownFileType = sourcecode.swift; path = YieldVaultsView.swift; sourceTree = "<group>"; };
		9CFFE9CC2C230C8500D42950 /* Assets.xcassets */ = {isa = PBXFileReference; lastKnownFileType = folder.assetcatalog; path = Assets.xcassets; sourceTree = "<group>"; };
		9CFFE9CD2C230C8500D42950 /* ApiaryApp.swift */ = {isa = PBXFileReference; fileEncoding = 4; lastKnownFileType = sourcecode.swift; path = ApiaryApp.swift; sourceTree = "<group>"; };
/* End PBXFileReference section */

/* Begin PBXFrameworksBuildPhase section */
		9CF622872C22074700DE50F6 /* Frameworks */ = {
			isa = PBXFrameworksBuildPhase;
			buildActionMask = 2147483647;
			files = (
			);
			runOnlyForDeploymentPostprocessing = 0;
		};
/* End PBXFrameworksBuildPhase section */

/* Begin PBXGroup section */
		9CF622812C22074700DE50F6 = {
			isa = PBXGroup;
			children = (
				9CFFE9CE2C230C8500D42950 /* Apiary */,
				9CF6228B2C22074700DE50F6 /* Products */,
			);
			sourceTree = "<group>";
		};
		9CF6228B2C22074700DE50F6 /* Products */ = {
			isa = PBXGroup;
			children = (
				9CF6228A2C22074700DE50F6 /* Apiary.app */,
			);
			name = Products;
			sourceTree = "<group>";
		};
		9CFFE9BE2C230C8500D42950 /* Data */ = {
			isa = PBXGroup;
			children = (
				9CFFE9BD2C230C8500D42950 /* Models.swift */,
			);
			path = Data;
			sourceTree = "<group>";
		};
		9CFFE9C02C230C8500D42950 /* Preview Content */ = {
			isa = PBXGroup;
			children = (
				9CFFE9BF2C230C8500D42950 /* Preview Assets.xcassets */,
			);
			path = "Preview Content";
			sourceTree = "<group>";
		};
		9CFFE9C32C230C8500D42950 /* Styles */ = {
			isa = PBXGroup;
			children = (
				9CFFE9C12C230C8500D42950 /* Colors.swift */,
				9CFFE9C22C230C8500D42950 /* Fonts.swift */,
			);
			path = Styles;
			sourceTree = "<group>";
		};
		9CFFE9CB2C230C8500D42950 /* Views */ = {
			isa = PBXGroup;
			children = (
				9CFFE9C42C230C8500D42950 /* ConnectionPromptView.swift */,
				9CFFE9C52C230C8500D42950 /* ContentView.swift */,
				9CFFE9C62C230C8500D42950 /* HomeView.swift */,
				9CFFE9C72C230C8500D42950 /* VaultDetailView.swift */,
				9CFFE9C82C230C8500D42950 /* VaultItemView.swift */,
				9CFFE9C92C230C8500D42950 /* WelcomeView.swift */,
				9CFFE9CA2C230C8500D42950 /* YieldVaultsView.swift */,
			);
			path = Views;
			sourceTree = "<group>";
		};
		9CFFE9CE2C230C8500D42950 /* Apiary */ = {
			isa = PBXGroup;
			children = (
				9CFFE9BE2C230C8500D42950 /* Data */,
				9CFFE9C02C230C8500D42950 /* Preview Content */,
				9CFFE9C32C230C8500D42950 /* Styles */,
				9CFFE9CB2C230C8500D42950 /* Views */,
				9CFFE9CC2C230C8500D42950 /* Assets.xcassets */,
				9CFFE9CD2C230C8500D42950 /* ApiaryApp.swift */,
			);
			path = Apiary;
			sourceTree = "<group>";
		};
/* End PBXGroup section */

/* Begin PBXNativeTarget section */
		9CF622892C22074700DE50F6 /* Apiary */ = {
			isa = PBXNativeTarget;
			buildConfigurationList = 9CF622982C22074800DE50F6 /* Build configuration list for PBXNativeTarget "Apiary" */;
			buildPhases = (
				9CF622862C22074700DE50F6 /* Sources */,
				9CF622872C22074700DE50F6 /* Frameworks */,
				9CF622882C22074700DE50F6 /* Resources */,
			);
			buildRules = (
			);
			dependencies = (
			);
			name = Apiary;
			packageProductDependencies = (
			);
			productName = HoneyFarm;
			productReference = 9CF6228A2C22074700DE50F6 /* Apiary.app */;
			productType = "com.apple.product-type.application";
		};
/* End PBXNativeTarget section */

/* Begin PBXProject section */
		9CF622822C22074700DE50F6 /* Project object */ = {
			isa = PBXProject;
			attributes = {
				BuildIndependentTargetsInParallel = 1;
				LastSwiftUpdateCheck = 1540;
				LastUpgradeCheck = 1540;
				TargetAttributes = {
					9CF622892C22074700DE50F6 = {
						CreatedOnToolsVersion = 15.4;
					};
				};
			};
			buildConfigurationList = 9CF622852C22074700DE50F6 /* Build configuration list for PBXProject "Apiary" */;
			compatibilityVersion = "Xcode 14.0";
			developmentRegion = en;
			hasScannedForEncodings = 0;
			knownRegions = (
				en,
				Base,
			);
			mainGroup = 9CF622812C22074700DE50F6;
			packageReferences = (
			);
			productRefGroup = 9CF6228B2C22074700DE50F6 /* Products */;
			projectDirPath = "";
			projectRoot = "";
			targets = (
				9CF622892C22074700DE50F6 /* Apiary */,
			);
		};
/* End PBXProject section */

/* Begin PBXResourcesBuildPhase section */
		9CF622882C22074700DE50F6 /* Resources */ = {
			isa = PBXResourcesBuildPhase;
			buildActionMask = 2147483647;
			files = (
				9CFFE9D02C230C8500D42950 /* Preview Assets.xcassets in Resources */,
				9CFFE9DA2C230C8500D42950 /* Assets.xcassets in Resources */,
			);
			runOnlyForDeploymentPostprocessing = 0;
		};
/* End PBXResourcesBuildPhase section */

/* Begin PBXSourcesBuildPhase section */
		9CF622862C22074700DE50F6 /* Sources */ = {
			isa = PBXSourcesBuildPhase;
			buildActionMask = 2147483647;
			files = (
				9CFFE9D22C230C8500D42950 /* Fonts.swift in Sources */,
				9CFFE9D42C230C8500D42950 /* ContentView.swift in Sources */,
				9CFFE9D52C230C8500D42950 /* HomeView.swift in Sources */,
				9CFFE9D32C230C8500D42950 /* ConnectionPromptView.swift in Sources */,
				9CFFE9CF2C230C8500D42950 /* Models.swift in Sources */,
				9CFFE9D62C230C8500D42950 /* VaultDetailView.swift in Sources */,
				9CFFE9D12C230C8500D42950 /* Colors.swift in Sources */,
				9CFFE9DB2C230C8500D42950 /* ApiaryApp.swift in Sources */,
				9CFFE9D92C230C8500D42950 /* YieldVaultsView.swift in Sources */,
				9CFFE9D82C230C8500D42950 /* WelcomeView.swift in Sources */,
				9CFFE9D72C230C8500D42950 /* VaultItemView.swift in Sources */,
			);
			runOnlyForDeploymentPostprocessing = 0;
		};
/* End PBXSourcesBuildPhase section */

/* Begin XCBuildConfiguration section */
		9CF622962C22074800DE50F6 /* Debug */ = {
			isa = XCBuildConfiguration;
			buildSettings = {
				ALWAYS_SEARCH_USER_PATHS = NO;
				ASSETCATALOG_COMPILER_GENERATE_SWIFT_ASSET_SYMBOL_EXTENSIONS = YES;
				CLANG_ANALYZER_NONNULL = YES;
				CLANG_ANALYZER_NUMBER_OBJECT_CONVERSION = YES_AGGRESSIVE;
				CLANG_CXX_LANGUAGE_STANDARD = "gnu++20";
				CLANG_ENABLE_MODULES = YES;
				CLANG_ENABLE_OBJC_ARC = YES;
				CLANG_ENABLE_OBJC_WEAK = YES;
				CLANG_WARN_BLOCK_CAPTURE_AUTORELEASING = YES;
				CLANG_WARN_BOOL_CONVERSION = YES;
				CLANG_WARN_COMMA = YES;
				CLANG_WARN_CONSTANT_CONVERSION = YES;
				CLANG_WARN_DEPRECATED_OBJC_IMPLEMENTATIONS = YES;
				CLANG_WARN_DIRECT_OBJC_ISA_USAGE = YES_ERROR;
				CLANG_WARN_DOCUMENTATION_COMMENTS = YES;
				CLANG_WARN_EMPTY_BODY = YES;
				CLANG_WARN_ENUM_CONVERSION = YES;
				CLANG_WARN_INFINITE_RECURSION = YES;
				CLANG_WARN_INT_CONVERSION = YES;
				CLANG_WARN_NON_LITERAL_NULL_CONVERSION = YES;
				CLANG_WARN_OBJC_IMPLICIT_RETAIN_SELF = YES;
				CLANG_WARN_OBJC_LITERAL_CONVERSION = YES;
				CLANG_WARN_OBJC_ROOT_CLASS = YES_ERROR;
				CLANG_WARN_QUOTED_INCLUDE_IN_FRAMEWORK_HEADER = YES;
				CLANG_WARN_RANGE_LOOP_ANALYSIS = YES;
				CLANG_WARN_STRICT_PROTOTYPES = YES;
				CLANG_WARN_SUSPICIOUS_MOVE = YES;
				CLANG_WARN_UNGUARDED_AVAILABILITY = YES_AGGRESSIVE;
				CLANG_WARN_UNREACHABLE_CODE = YES;
				CLANG_WARN__DUPLICATE_METHOD_MATCH = YES;
				COPY_PHASE_STRIP = NO;
				DEBUG_INFORMATION_FORMAT = dwarf;
				ENABLE_STRICT_OBJC_MSGSEND = YES;
				ENABLE_TESTABILITY = YES;
				ENABLE_USER_SCRIPT_SANDBOXING = YES;
				GCC_C_LANGUAGE_STANDARD = gnu17;
				GCC_DYNAMIC_NO_PIC = NO;
				GCC_NO_COMMON_BLOCKS = YES;
				GCC_OPTIMIZATION_LEVEL = 0;
				GCC_PREPROCESSOR_DEFINITIONS = (
					"DEBUG=1",
					"$(inherited)",
				);
				GCC_WARN_64_TO_32_BIT_CONVERSION = YES;
				GCC_WARN_ABOUT_RETURN_TYPE = YES_ERROR;
				GCC_WARN_UNDECLARED_SELECTOR = YES;
				GCC_WARN_UNINITIALIZED_AUTOS = YES_AGGRESSIVE;
				GCC_WARN_UNUSED_FUNCTION = YES;
				GCC_WARN_UNUSED_VARIABLE = YES;
				IPHONEOS_DEPLOYMENT_TARGET = 16.0;
				LOCALIZATION_PREFERS_STRING_CATALOGS = YES;
				MTL_ENABLE_DEBUG_INFO = INCLUDE_SOURCE;
				MTL_FAST_MATH = YES;
				ONLY_ACTIVE_ARCH = YES;
				SDKROOT = iphoneos;
				SWIFT_ACTIVE_COMPILATION_CONDITIONS = "DEBUG $(inherited)";
				SWIFT_OPTIMIZATION_LEVEL = "-Onone";
			};
			name = Debug;
		};
		9CF622972C22074800DE50F6 /* Release */ = {
			isa = XCBuildConfiguration;
			buildSettings = {
				ALWAYS_SEARCH_USER_PATHS = NO;
				ASSETCATALOG_COMPILER_GENERATE_SWIFT_ASSET_SYMBOL_EXTENSIONS = YES;
				CLANG_ANALYZER_NONNULL = YES;
				CLANG_ANALYZER_NUMBER_OBJECT_CONVERSION = YES_AGGRESSIVE;
				CLANG_CXX_LANGUAGE_STANDARD = "gnu++20";
				CLANG_ENABLE_MODULES = YES;
				CLANG_ENABLE_OBJC_ARC = YES;
				CLANG_ENABLE_OBJC_WEAK = YES;
				CLANG_WARN_BLOCK_CAPTURE_AUTORELEASING = YES;
				CLANG_WARN_BOOL_CONVERSION = YES;
				CLANG_WARN_COMMA = YES;
				CLANG_WARN_CONSTANT_CONVERSION = YES;
				CLANG_WARN_DEPRECATED_OBJC_IMPLEMENTATIONS = YES;
				CLANG_WARN_DIRECT_OBJC_ISA_USAGE = YES_ERROR;
				CLANG_WARN_DOCUMENTATION_COMMENTS = YES;
				CLANG_WARN_EMPTY_BODY = YES;
				CLANG_WARN_ENUM_CONVERSION = YES;
				CLANG_WARN_INFINITE_RECURSION = YES;
				CLANG_WARN_INT_CONVERSION = YES;
				CLANG_WARN_NON_LITERAL_NULL_CONVERSION = YES;
				CLANG_WARN_OBJC_IMPLICIT_RETAIN_SELF = YES;
				CLANG_WARN_OBJC_LITERAL_CONVERSION = YES;
				CLANG_WARN_OBJC_ROOT_CLASS = YES_ERROR;
				CLANG_WARN_QUOTED_INCLUDE_IN_FRAMEWORK_HEADER = YES;
				CLANG_WARN_RANGE_LOOP_ANALYSIS = YES;
				CLANG_WARN_STRICT_PROTOTYPES = YES;
				CLANG_WARN_SUSPICIOUS_MOVE = YES;
				CLANG_WARN_UNGUARDED_AVAILABILITY = YES_AGGRESSIVE;
				CLANG_WARN_UNREACHABLE_CODE = YES;
				CLANG_WARN__DUPLICATE_METHOD_MATCH = YES;
				COPY_PHASE_STRIP = NO;
				DEBUG_INFORMATION_FORMAT = "dwarf-with-dsym";
				ENABLE_NS_ASSERTIONS = NO;
				ENABLE_STRICT_OBJC_MSGSEND = YES;
				ENABLE_USER_SCRIPT_SANDBOXING = YES;
				GCC_C_LANGUAGE_STANDARD = gnu17;
				GCC_NO_COMMON_BLOCKS = YES;
				GCC_WARN_64_TO_32_BIT_CONVERSION = YES;
				GCC_WARN_ABOUT_RETURN_TYPE = YES_ERROR;
				GCC_WARN_UNDECLARED_SELECTOR = YES;
				GCC_WARN_UNINITIALIZED_AUTOS = YES_AGGRESSIVE;
				GCC_WARN_UNUSED_FUNCTION = YES;
				GCC_WARN_UNUSED_VARIABLE = YES;
				IPHONEOS_DEPLOYMENT_TARGET = 16.0;
				LOCALIZATION_PREFERS_STRING_CATALOGS = YES;
				MTL_ENABLE_DEBUG_INFO = NO;
				MTL_FAST_MATH = YES;
				SDKROOT = iphoneos;
				SWIFT_COMPILATION_MODE = wholemodule;
				VALIDATE_PRODUCT = YES;
			};
			name = Release;
		};
		9CF622992C22074800DE50F6 /* Debug */ = {
			isa = XCBuildConfiguration;
			buildSettings = {
				ASSETCATALOG_COMPILER_APPICON_NAME = AppIcon;
				ASSETCATALOG_COMPILER_GLOBAL_ACCENT_COLOR_NAME = AccentColor;
				CODE_SIGN_STYLE = Automatic;
				CURRENT_PROJECT_VERSION = 1;
				DEVELOPMENT_ASSET_PATHS = "\"Apiary/Preview Content\"";
				DEVELOPMENT_TEAM = 3GBQ2H4QX7;
				ENABLE_PREVIEWS = YES;
				GENERATE_INFOPLIST_FILE = YES;
				INFOPLIST_KEY_CFBundleDisplayName = Apiary;
				INFOPLIST_KEY_UIApplicationSceneManifest_Generation = YES;
				INFOPLIST_KEY_UIApplicationSupportsIndirectInputEvents = YES;
				INFOPLIST_KEY_UILaunchScreen_Generation = YES;
				INFOPLIST_KEY_UISupportedInterfaceOrientations_iPad = "UIInterfaceOrientationPortrait UIInterfaceOrientationPortraitUpsideDown UIInterfaceOrientationLandscapeLeft UIInterfaceOrientationLandscapeRight";
				INFOPLIST_KEY_UISupportedInterfaceOrientations_iPhone = "UIInterfaceOrientationPortrait UIInterfaceOrientationLandscapeLeft UIInterfaceOrientationLandscapeRight";
				IPHONEOS_DEPLOYMENT_TARGET = 16.0;
				LD_RUNPATH_SEARCH_PATHS = (
					"$(inherited)",
					"@executable_path/Frameworks",
				);
				MARKETING_VERSION = 1.0;
				PRODUCT_BUNDLE_IDENTIFIER = com.meb.Apiary;
				PRODUCT_NAME = "$(TARGET_NAME)";
				SWIFT_EMIT_LOC_STRINGS = YES;
				SWIFT_VERSION = 5.0;
				TARGETED_DEVICE_FAMILY = "1,2";
			};
			name = Debug;
		};
		9CF6229A2C22074800DE50F6 /* Release */ = {
			isa = XCBuildConfiguration;
			buildSettings = {
				ASSETCATALOG_COMPILER_APPICON_NAME = AppIcon;
				ASSETCATALOG_COMPILER_GLOBAL_ACCENT_COLOR_NAME = AccentColor;
				CODE_SIGN_STYLE = Automatic;
				CURRENT_PROJECT_VERSION = 1;
				DEVELOPMENT_ASSET_PATHS = "\"Apiary/Preview Content\"";
				DEVELOPMENT_TEAM = 3GBQ2H4QX7;
				ENABLE_PREVIEWS = YES;
				GENERATE_INFOPLIST_FILE = YES;
				INFOPLIST_KEY_CFBundleDisplayName = Apiary;
				INFOPLIST_KEY_UIApplicationSceneManifest_Generation = YES;
				INFOPLIST_KEY_UIApplicationSupportsIndirectInputEvents = YES;
				INFOPLIST_KEY_UILaunchScreen_Generation = YES;
				INFOPLIST_KEY_UISupportedInterfaceOrientations_iPad = "UIInterfaceOrientationPortrait UIInterfaceOrientationPortraitUpsideDown UIInterfaceOrientationLandscapeLeft UIInterfaceOrientationLandscapeRight";
				INFOPLIST_KEY_UISupportedInterfaceOrientations_iPhone = "UIInterfaceOrientationPortrait UIInterfaceOrientationLandscapeLeft UIInterfaceOrientationLandscapeRight";
				IPHONEOS_DEPLOYMENT_TARGET = 16.0;
				LD_RUNPATH_SEARCH_PATHS = (
					"$(inherited)",
					"@executable_path/Frameworks",
				);
				MARKETING_VERSION = 1.0;
				PRODUCT_BUNDLE_IDENTIFIER = com.meb.Apiary;
				PRODUCT_NAME = "$(TARGET_NAME)";
				SWIFT_EMIT_LOC_STRINGS = YES;
				SWIFT_VERSION = 5.0;
				TARGETED_DEVICE_FAMILY = "1,2";
			};
			name = Release;
		};
/* End XCBuildConfiguration section */

/* Begin XCConfigurationList section */
		9CF622852C22074700DE50F6 /* Build configuration list for PBXProject "Apiary" */ = {
			isa = XCConfigurationList;
			buildConfigurations = (
				9CF622962C22074800DE50F6 /* Debug */,
				9CF622972C22074800DE50F6 /* Release */,
			);
			defaultConfigurationIsVisible = 0;
			defaultConfigurationName = Release;
		};
		9CF622982C22074800DE50F6 /* Build configuration list for PBXNativeTarget "Apiary" */ = {
			isa = XCConfigurationList;
			buildConfigurations = (
				9CF622992C22074800DE50F6 /* Debug */,
				9CF6229A2C22074800DE50F6 /* Release */,
			);
			defaultConfigurationIsVisible = 0;
			defaultConfigurationName = Release;
		};
/* End XCConfigurationList section */
	};
	rootObject = 9CF622822C22074700DE50F6 /* Project object */;
}
